github.com/lifthus/pathmatch v0.0.0-20231102155033-1a30b9b3d65d h1:ayozDi57Bcrnng6cqr8hbh3WqpuhGRI8sEgs/SWCBok=
github.com/lifthus/pathmatch v0.0.0-20231102155033-1a30b9b3d65d/go.mod h1:GzDIg99wTprE36BTLAnXomuB8QFiUFPR/yYMZPErSNo=
github.com/lifthus/pathmatch v0.0.0-20231102163739-d4f2bb514443 h1:Waj+jI6YKLjwUOvbErC5Xfer+ysR1tgHBlD9TR5iXNA=
github.com/lifthus/pathmatch v0.0.0-20231102163739-d4f2bb514443/go.mod h1:GzDIg99wTprE36BTLAnXomuB8QFiUFPR/yYMZPErSNo=
github.com/lifthus/pathmatch v0.1.0 h1:ywO9R+Zt1ZTQCWB6xIb0oc31SmCYvQIHPCqjevd9Qcs=
github.com/lifthus/pathmatch v0.1.0/go.mod h1:GzDIg99wTprE36BTLAnXomuB8QFiUFPR/yYMZPErSNo=
golang.org/x/sys v0.14.0 h1:Vz7Qs629MkJkGyHxUlRHizWJRG2j8fbQKjELVSNhy7Q=
golang.org/x/sys v0.14.0/go.mod h1:/VUhepiaJMQUp4+oa/7Zr1D23ma6VTLIYjOOTFZPUcA=
golang.org/x/term v0.14.0 h1:LGK9IlZ8T9jvdy6cTdfKUCltatMFOehAQo9SRC46UQ8=
golang.org/x/term v0.14.0/go.mod h1:TySc+nGkYR6qt8km8wUhuFRTVSMIX3XPR58y2lC8vww=
gopkg.in/check.v1 v0.0.0-20161208181325-20d25e280405/go.mod h1:Co6ibVJAznAaIkqp8huTwlJQCZ016jof/cbN4VW5Yz0=
gopkg.in/yaml.v3 v3.0.1 h1:fxVm/GzAzEWqLHuvctI91KS9hhNmmWOoWu0XTYJS7CA=
gopkg.in/yaml.v3 v3.0.1/go.mod h1:K4uyk7z7BCEPqu6E+C64Yfv1cQ7kz7rIZviUmN+EgEM=
